// !$*UTF8*$!
{
	archiveVersion = 1;
	classes = {
	};
	objectVersion = 77;
	objects = {

/* Begin PBXBuildFile section */
		2DFD3BBB47477A0B95163BCF /* RootView.swift in Sources */ = {isa = PBXBuildFile; fileRef = 83289D1D4214A472A453D921 /* RootView.swift */; };
		41B07B23D507832A25179785 /* Assets.xcassets in Resources */ = {isa = PBXBuildFile; fileRef = CCCCC9A7BB70CD92C5096B47 /* Assets.xcassets */; };
		4525959AE3E2F4B23987F975 /* SettingsSheet.swift in Sources */ = {isa = PBXBuildFile; fileRef = D743AACE9F462982DE372A84 /* SettingsSheet.swift */; };
		8AB0AF4BF8FB73C85969A814 /* LinkRowView.swift in Sources */ = {isa = PBXBuildFile; fileRef = 58BF7DBB55C5FB557FFA7677 /* LinkRowView.swift */; };
		8BABE09D924E090D15A6B9DC /* SeedData.swift in Sources */ = {isa = PBXBuildFile; fileRef = 72BDB1017E51147DD32031A2 /* SeedData.swift */; };
		A2C6D30714ECC31B7E48444F /* EmptyStateView.swift in Sources */ = {isa = PBXBuildFile; fileRef = 07A72D799B532C112E7BD9D0 /* EmptyStateView.swift */; };
		A65D2CD109C7825E42E5AEDA /* LinkItem.swift in Sources */ = {isa = PBXBuildFile; fileRef = A4949EBEF6B304848C4BEE06 /* LinkItem.swift */; };
		E360489DDA0D19A34174505E /* AppTheme.swift in Sources */ = {isa = PBXBuildFile; fileRef = 89026185FF840D288774DDD0 /* AppTheme.swift */; };
		ED96F8FE8F3391B997F63420 /* PlutarApp.swift in Sources */ = {isa = PBXBuildFile; fileRef = 89CC3F448604493B8E9A7320 /* PlutarApp.swift */; };
/* End PBXBuildFile section */

/* Begin PBXFileReference section */
		07A72D799B532C112E7BD9D0 /* EmptyStateView.swift */ = {isa = PBXFileReference; lastKnownFileType = sourcecode.swift; path = EmptyStateView.swift; sourceTree = "<group>"; };
		58BF7DBB55C5FB557FFA7677 /* LinkRowView.swift */ = {isa = PBXFileReference; lastKnownFileType = sourcecode.swift; path = LinkRowView.swift; sourceTree = "<group>"; };
		72BDB1017E51147DD32031A2 /* SeedData.swift */ = {isa = PBXFileReference; lastKnownFileType = sourcecode.swift; path = SeedData.swift; sourceTree = "<group>"; };
		758D1CEE221F39C1052F8ED8 /* Info.plist */ = {isa = PBXFileReference; lastKnownFileType = text.plist; path = Info.plist; sourceTree = "<group>"; };
		83289D1D4214A472A453D921 /* RootView.swift */ = {isa = PBXFileReference; lastKnownFileType = sourcecode.swift; path = RootView.swift; sourceTree = "<group>"; };
		89026185FF840D288774DDD0 /* AppTheme.swift */ = {isa = PBXFileReference; lastKnownFileType = sourcecode.swift; path = AppTheme.swift; sourceTree = "<group>"; };
		89CC3F448604493B8E9A7320 /* PlutarApp.swift */ = {isa = PBXFileReference; lastKnownFileType = sourcecode.swift; path = PlutarApp.swift; sourceTree = "<group>"; };
		A0456B4197E9C3E5CC22F158 /* Plutar.app */ = {isa = PBXFileReference; explicitFileType = wrapper.application; includeInIndex = 0; path = Plutar.app; sourceTree = BUILT_PRODUCTS_DIR; };
		A4949EBEF6B304848C4BEE06 /* LinkItem.swift */ = {isa = PBXFileReference; lastKnownFileType = sourcecode.swift; path = LinkItem.swift; sourceTree = "<group>"; };
		CCCCC9A7BB70CD92C5096B47 /* Assets.xcassets */ = {isa = PBXFileReference; lastKnownFileType = folder.assetcatalog; path = Assets.xcassets; sourceTree = "<group>"; };
		D743AACE9F462982DE372A84 /* SettingsSheet.swift */ = {isa = PBXFileReference; lastKnownFileType = sourcecode.swift; path = SettingsSheet.swift; sourceTree = "<group>"; };
/* End PBXFileReference section */

/* Begin PBXGroup section */
		6EF9302A5F50ADE9541A9E24 /* Models */ = {
			isa = PBXGroup;
			children = (
				89026185FF840D288774DDD0 /* AppTheme.swift */,
				A4949EBEF6B304848C4BEE06 /* LinkItem.swift */,
			);
			path = Models;
			sourceTree = "<group>";
		};
		7900E840EE6C285CF583C4FE = {
			isa = PBXGroup;
			children = (
				79ABD2EA2FFC171106D16619 /* Plutar */,
				EEC607FC4B6D3917BFDC638C /* Products */,
			);
			sourceTree = "<group>";
		};
		79ABD2EA2FFC171106D16619 /* Plutar */ = {
			isa = PBXGroup;
			children = (
				CCCCC9A7BB70CD92C5096B47 /* Assets.xcassets */,
				758D1CEE221F39C1052F8ED8 /* Info.plist */,
				E6AD09F803BBF11AC8131FC9 /* App */,
				EE9D9BA59138EDAC4735F4D4 /* Data */,
				6EF9302A5F50ADE9541A9E24 /* Models */,
				E3B8418DC6BFE9DED9CF0888 /* Views */,
			);
			path = Plutar;
			sourceTree = "<group>";
		};
		B16AB1A94CABFC818AB790D6 /* Rows */ = {
			isa = PBXGroup;
			children = (
				58BF7DBB55C5FB557FFA7677 /* LinkRowView.swift */,
			);
			path = Rows;
			sourceTree = "<group>";
		};
		E3B8418DC6BFE9DED9CF0888 /* Views */ = {
			isa = PBXGroup;
			children = (
				07A72D799B532C112E7BD9D0 /* EmptyStateView.swift */,
				83289D1D4214A472A453D921 /* RootView.swift */,
				D743AACE9F462982DE372A84 /* SettingsSheet.swift */,
				B16AB1A94CABFC818AB790D6 /* Rows */,
			);
			path = Views;
			sourceTree = "<group>";
		};
		E6AD09F803BBF11AC8131FC9 /* App */ = {
			isa = PBXGroup;
			children = (
				89CC3F448604493B8E9A7320 /* PlutarApp.swift */,
			);
			path = App;
			sourceTree = "<group>";
		};
		EE9D9BA59138EDAC4735F4D4 /* Data */ = {
			isa = PBXGroup;
			children = (
				72BDB1017E51147DD32031A2 /* SeedData.swift */,
			);
			path = Data;
			sourceTree = "<group>";
		};
		EEC607FC4B6D3917BFDC638C /* Products */ = {
			isa = PBXGroup;
			children = (
				A0456B4197E9C3E5CC22F158 /* Plutar.app */,
			);
			name = Products;
			sourceTree = "<group>";
		};
/* End PBXGroup section */

/* Begin PBXNativeTarget section */
		8238E248FD48C4263B97FC08 /* Plutar */ = {
			isa = PBXNativeTarget;
			buildConfigurationList = A64BA1082C3653755FB01874 /* Build configuration list for PBXNativeTarget "Plutar" */;
			buildPhases = (
				E0B76BFF193051E346368180 /* Sources */,
				356F4269D6B7A71E1BBDD1BC /* Resources */,
			);
			buildRules = (
			);
			dependencies = (
			);
			name = Plutar;
			packageProductDependencies = (
			);
			productName = Plutar;
			productReference = A0456B4197E9C3E5CC22F158 /* Plutar.app */;
			productType = "com.apple.product-type.application";
		};
/* End PBXNativeTarget section */

/* Begin PBXProject section */
		AFFE2CF42001D3FF73CC5BA6 /* Project object */ = {
			isa = PBXProject;
			attributes = {
				BuildIndependentTargetsInParallel = YES;
				LastUpgradeCheck = 1430;
				TargetAttributes = {
					8238E248FD48C4263B97FC08 = {
						ProvisioningStyle = Automatic;
					};
				};
			};
			buildConfigurationList = 0C7266CD4BC8BB3113443E56 /* Build configuration list for PBXProject "Plutar" */;
			developmentRegion = en;
			hasScannedForEncodings = 0;
			knownRegions = (
				Base,
				en,
			);
			mainGroup = 7900E840EE6C285CF583C4FE;
			minimizedProjectReferenceProxies = 1;
			preferredProjectObjectVersion = 77;
			productRefGroup = EEC607FC4B6D3917BFDC638C /* Products */;
			projectDirPath = "";
			projectRoot = "";
			targets = (
				8238E248FD48C4263B97FC08 /* Plutar */,
			);
		};
/* End PBXProject section */

/* Begin PBXResourcesBuildPhase section */
		356F4269D6B7A71E1BBDD1BC /* Resources */ = {
			isa = PBXResourcesBuildPhase;
			buildActionMask = 2147483647;
			files = (
				41B07B23D507832A25179785 /* Assets.xcassets in Resources */,
			);
			runOnlyForDeploymentPostprocessing = 0;
		};
/* End PBXResourcesBuildPhase section */

/* Begin PBXSourcesBuildPhase section */
		E0B76BFF193051E346368180 /* Sources */ = {
			isa = PBXSourcesBuildPhase;
			buildActionMask = 2147483647;
			files = (
				E360489DDA0D19A34174505E /* AppTheme.swift in Sources */,
				A2C6D30714ECC31B7E48444F /* EmptyStateView.swift in Sources */,
				A65D2CD109C7825E42E5AEDA /* LinkItem.swift in Sources */,
				8AB0AF4BF8FB73C85969A814 /* LinkRowView.swift in Sources */,
				ED96F8FE8F3391B997F63420 /* PlutarApp.swift in Sources */,
				2DFD3BBB47477A0B95163BCF /* RootView.swift in Sources */,
				8BABE09D924E090D15A6B9DC /* SeedData.swift in Sources */,
				4525959AE3E2F4B23987F975 /* SettingsSheet.swift in Sources */,
			);
			runOnlyForDeploymentPostprocessing = 0;
		};
/* End PBXSourcesBuildPhase section */

/* Begin XCBuildConfiguration section */
		185A4DAFFFE44FFCF54A01F3 /* Release */ = {
			isa = XCBuildConfiguration;
			buildSettings = {
				ALWAYS_SEARCH_USER_PATHS = NO;
				CLANG_ANALYZER_NONNULL = YES;
				CLANG_ANALYZER_NUMBER_OBJECT_CONVERSION = YES_AGGRESSIVE;
				CLANG_CXX_LANGUAGE_STANDARD = "gnu++14";
				CLANG_CXX_LIBRARY = "libc++";
				CLANG_ENABLE_MODULES = YES;
				CLANG_ENABLE_OBJC_ARC = YES;
				CLANG_ENABLE_OBJC_WEAK = YES;
				CLANG_WARN_BLOCK_CAPTURE_AUTORELEASING = YES;
				CLANG_WARN_BOOL_CONVERSION = YES;
				CLANG_WARN_COMMA = YES;
				CLANG_WARN_CONSTANT_CONVERSION = YES;
				CLANG_WARN_DEPRECATED_OBJC_IMPLEMENTATIONS = YES;
				CLANG_WARN_DIRECT_OBJC_ISA_USAGE = YES_ERROR;
				CLANG_WARN_DOCUMENTATION_COMMENTS = YES;
				CLANG_WARN_EMPTY_BODY = YES;
				CLANG_WARN_ENUM_CONVERSION = YES;
				CLANG_WARN_INFINITE_RECURSION = YES;
				CLANG_WARN_INT_CONVERSION = YES;
				CLANG_WARN_NON_LITERAL_NULL_CONVERSION = YES;
				CLANG_WARN_OBJC_IMPLICIT_RETAIN_SELF = YES;
				CLANG_WARN_OBJC_LITERAL_CONVERSION = YES;
				CLANG_WARN_OBJC_ROOT_CLASS = YES_ERROR;
				CLANG_WARN_QUOTED_INCLUDE_IN_FRAMEWORK_HEADER = YES;
				CLANG_WARN_RANGE_LOOP_ANALYSIS = YES;
				CLANG_WARN_STRICT_PROTOTYPES = YES;
				CLANG_WARN_SUSPICIOUS_MOVE = YES;
				CLANG_WARN_UNGUARDED_AVAILABILITY = YES_AGGRESSIVE;
				CLANG_WARN_UNREACHABLE_CODE = YES;
				CLANG_WARN__DUPLICATE_METHOD_MATCH = YES;
				CODE_SIGN_STYLE = Automatic;
				COPY_PHASE_STRIP = NO;
				CURRENT_PROJECT_VERSION = 1;
				DEBUG_INFORMATION_FORMAT = "dwarf-with-dsym";
				DEVELOPMENT_TEAM = "";
				ENABLE_NS_ASSERTIONS = NO;
				ENABLE_STRICT_OBJC_MSGSEND = YES;
				GCC_C_LANGUAGE_STANDARD = gnu11;
				GCC_NO_COMMON_BLOCKS = YES;
				GCC_WARN_64_TO_32_BIT_CONVERSION = YES;
				GCC_WARN_ABOUT_RETURN_TYPE = YES_ERROR;
				GCC_WARN_UNDECLARED_SELECTOR = YES;
				GCC_WARN_UNINITIALIZED_AUTOS = YES_AGGRESSIVE;
				GCC_WARN_UNUSED_FUNCTION = YES;
				GCC_WARN_UNUSED_VARIABLE = YES;
				IPHONEOS_DEPLOYMENT_TARGET = 17.0;
				MARKETING_VERSION = 1.0;
				MTL_ENABLE_DEBUG_INFO = NO;
				MTL_FAST_MATH = YES;
				PRODUCT_NAME = "$(TARGET_NAME)";
				SDKROOT = iphoneos;
				SWIFT_COMPILATION_MODE = wholemodule;
				SWIFT_OPTIMIZATION_LEVEL = "-O";
				SWIFT_VERSION = 5.0;
			};
			name = Release;
		};
		869BF22A238B358F7694A67B /* Debug */ = {
			isa = XCBuildConfiguration;
			buildSettings = {
				ASSETCATALOG_COMPILER_APPICON_NAME = AppIcon;
				ASSETCATALOG_COMPILER_GLOBAL_ACCENT_COLOR_NAME = AccentColor;
				CODE_SIGN_IDENTITY = "iPhone Developer";
				DEVELOPMENT_TEAM = AQ24F2W59K;
				INFOPLIST_FILE = Plutar/Info.plist;
				INFOPLIST_KEY_CFBundleDisplayName = Plutar;
				INFOPLIST_KEY_LSApplicationCategoryType = "public.app-category.utilities";
				IPHONEOS_DEPLOYMENT_TARGET = 26.6;
				LD_RUNPATH_SEARCH_PATHS = (
					"$(inherited)",
					"@executable_path/Frameworks",
				);
				MARKETING_VERSION = 0.1;
				PRODUCT_BUNDLE_IDENTIFIER = com.innoflo.plutar;
				SDKROOT = iphoneos;
				SUPPORTED_PLATFORMS = "iphoneos iphonesimulator";
				SUPPORTS_MACCATALYST = NO;
				SUPPORTS_MAC_DESIGNED_FOR_IPHONE_IPAD = NO;
				SUPPORTS_XR_DESIGNED_FOR_IPHONE_IPAD = NO;
				SWIFT_EMIT_LOC_STRINGS = YES;
				TARGETED_DEVICE_FAMILY = 1;
			};
			name = Debug;
		};
		AE2794C204C3938DFCDB4564 /* Debug */ = {
			isa = XCBuildConfiguration;
			buildSettings = {
				ALWAYS_SEARCH_USER_PATHS = NO;
				CLANG_ANALYZER_NONNULL = YES;
				CLANG_ANALYZER_NUMBER_OBJECT_CONVERSION = YES_AGGRESSIVE;
				CLANG_CXX_LANGUAGE_STANDARD = "gnu++14";
				CLANG_CXX_LIBRARY = "libc++";
				CLANG_ENABLE_MODULES = YES;
				CLANG_ENABLE_OBJC_ARC = YES;
				CLANG_ENABLE_OBJC_WEAK = YES;
				CLANG_WARN_BLOCK_CAPTURE_AUTORELEASING = YES;
				CLANG_WARN_BOOL_CONVERSION = YES;
				CLANG_WARN_COMMA = YES;
				CLANG_WARN_CONSTANT_CONVERSION = YES;
				CLANG_WARN_DEPRECATED_OBJC_IMPLEMENTATIONS = YES;
				CLANG_WARN_DIRECT_OBJC_ISA_USAGE = YES_ERROR;
				CLANG_WARN_DOCUMENTATION_COMMENTS = YES;
				CLANG_WARN_EMPTY_BODY = YES;
				CLANG_WARN_ENUM_CONVERSION = YES;
				CLANG_WARN_INFINITE_RECURSION = YES;
				CLANG_WARN_INT_CONVERSION = YES;
				CLANG_WARN_NON_LITERAL_NULL_CONVERSION = YES;
				CLANG_WARN_OBJC_IMPLICIT_RETAIN_SELF = YES;
				CLANG_WARN_OBJC_LITERAL_CONVERSION = YES;
				CLANG_WARN_OBJC_ROOT_CLASS = YES_ERROR;
				CLANG_WARN_QUOTED_INCLUDE_IN_FRAMEWORK_HEADER = YES;
				CLANG_WARN_RANGE_LOOP_ANALYSIS = YES;
				CLANG_WARN_STRICT_PROTOTYPES = YES;
				CLANG_WARN_SUSPICIOUS_MOVE = YES;
				CLANG_WARN_UNGUARDED_AVAILABILITY = YES_AGGRESSIVE;
				CLANG_WARN_UNREACHABLE_CODE = YES;
				CLANG_WARN__DUPLICATE_METHOD_MATCH = YES;
				CODE_SIGN_STYLE = Automatic;
				COPY_PHASE_STRIP = NO;
				CURRENT_PROJECT_VERSION = 1;
				DEBUG_INFORMATION_FORMAT = dwarf;
				DEVELOPMENT_TEAM = "";
				ENABLE_STRICT_OBJC_MSGSEND = YES;
				ENABLE_TESTABILITY = YES;
				GCC_C_LANGUAGE_STANDARD = gnu11;
				GCC_DYNAMIC_NO_PIC = NO;
				GCC_NO_COMMON_BLOCKS = YES;
				GCC_OPTIMIZATION_LEVEL = 0;
				GCC_PREPROCESSOR_DEFINITIONS = (
					"$(inherited)",
					"DEBUG=1",
				);
				GCC_WARN_64_TO_32_BIT_CONVERSION = YES;
				GCC_WARN_ABOUT_RETURN_TYPE = YES_ERROR;
				GCC_WARN_UNDECLARED_SELECTOR = YES;
				GCC_WARN_UNINITIALIZED_AUTOS = YES_AGGRESSIVE;
				GCC_WARN_UNUSED_FUNCTION = YES;
				GCC_WARN_UNUSED_VARIABLE = YES;
				IPHONEOS_DEPLOYMENT_TARGET = 17.0;
				MARKETING_VERSION = 1.0;
				MTL_ENABLE_DEBUG_INFO = INCLUDE_SOURCE;
				MTL_FAST_MATH = YES;
				ONLY_ACTIVE_ARCH = YES;
				PRODUCT_NAME = "$(TARGET_NAME)";
				SDKROOT = iphoneos;
				SWIFT_ACTIVE_COMPILATION_CONDITIONS = DEBUG;
				SWIFT_OPTIMIZATION_LEVEL = "-Onone";
				SWIFT_VERSION = 5.0;
			};
			name = Debug;
		};
		C9B9AB2564A65F881710FBF3 /* Release */ = {
			isa = XCBuildConfiguration;
			buildSettings = {
				ASSETCATALOG_COMPILER_APPICON_NAME = AppIcon;
				ASSETCATALOG_COMPILER_GLOBAL_ACCENT_COLOR_NAME = AccentColor;
				CODE_SIGN_IDENTITY = "iPhone Developer";
				DEVELOPMENT_TEAM = AQ24F2W59K;
				INFOPLIST_FILE = Plutar/Info.plist;
				INFOPLIST_KEY_CFBundleDisplayName = Plutar;
				INFOPLIST_KEY_LSApplicationCategoryType = "public.app-category.utilities";
				IPHONEOS_DEPLOYMENT_TARGET = 26.6;
				LD_RUNPATH_SEARCH_PATHS = (
					"$(inherited)",
					"@executable_path/Frameworks",
				);
				MARKETING_VERSION = 0.1;
				PRODUCT_BUNDLE_IDENTIFIER = com.innoflo.plutar;
				SDKROOT = iphoneos;
				SUPPORTED_PLATFORMS = "iphoneos iphonesimulator";
				SUPPORTS_MACCATALYST = NO;
				SUPPORTS_MAC_DESIGNED_FOR_IPHONE_IPAD = NO;
				SUPPORTS_XR_DESIGNED_FOR_IPHONE_IPAD = NO;
				SWIFT_EMIT_LOC_STRINGS = YES;
				TARGETED_DEVICE_FAMILY = 1;
			};
			name = Release;
		};
/* End XCBuildConfiguration section */

/* Begin XCConfigurationList section */
		0C7266CD4BC8BB3113443E56 /* Build configuration list for PBXProject "Plutar" */ = {
			isa = XCConfigurationList;
			buildConfigurations = (
				AE2794C204C3938DFCDB4564 /* Debug */,
				185A4DAFFFE44FFCF54A01F3 /* Release */,
			);
			defaultConfigurationIsVisible = 0;
			defaultConfigurationName = Debug;
		};
		A64BA1082C3653755FB01874 /* Build configuration list for PBXNativeTarget "Plutar" */ = {
			isa = XCConfigurationList;
			buildConfigurations = (
				869BF22A238B358F7694A67B /* Debug */,
				C9B9AB2564A65F881710FBF3 /* Release */,
			);
			defaultConfigurationIsVisible = 0;
			defaultConfigurationName = Debug;
		};
/* End XCConfigurationList section */
	};
	rootObject = AFFE2CF42001D3FF73CC5BA6 /* Project object */;
}
